
Microsoft Visual Studio Solution File, Format Version 10.00
# Visual Studio 2008
Project("{8BC9CEB8-8B4A-11D0-8D11-00A0C91BC942}") = "vedio_mfc", "vedio_mfc.vcproj", "{94C2C452-5C25-4341-A6A7-952CC44279A9}"
EndProject
Global
	GlobalSection(SolutionConfigurationPlatforms) = preSolution
		Debug|Win32 = Debug|Win32
		Release|Win32 = Release|Win32
	EndGlobalSection
	GlobalSection(ProjectConfigurationPlatforms) = postSolution
		{94C2C452-5C25-4341-A6A7-952CC44279A9}.Debug|Win32.ActiveCfg = Debug|Win32
		{94C2C452-5C25-4341-A6A7-952CC44279A9}.Debug|Win32.Build.0 = Debug|Win32
		{94C2C452-5C25-4341-A6A7-952CC44279A9}.Release|Win32.ActiveCfg = Release|Win32
		{94C2C452-5C25-4341-A6A7-952CC44279A9}.Release|Win32.Build.0 = Release|Win32
	EndGlobalSection
	GlobalSection(SolutionProperties) = preSolution
		HideSolutionNode = FALSE
	EndGlobalSection
EndGlobal
